{
  "version": "5",
  "specifiers": {
    "npm:@noflo/core@^2.0.0-alpha.1": "2.0.0-alpha.1",
    "npm:@reticulum/core@~0.9.8": "0.9.8",
    "npm:@reticulum/dacar@^1.6.1": "1.6.1",
    "npm:@reticulum/lxmf@~0.9.8": "0.9.8",
    "npm:@reticulum/node@~0.9.8": "0.9.8",
    "npm:@types/node@24": "24.19.1",
    "npm:fbp@^1.8.0": "1.8.0",
    "npm:get-function-params@^2.0.6": "2.0.7",
    "npm:typescript@5": "5.9.3",
    "npm:typescript@^4.0.2": "4.9.5"
  },
  "npm": {
    "@noflo/core@2.0.0-alpha.1": {
      "integrity": "sha512-sr+9Oq8DODhUVsIgYO6qJpwFwknfAsYWg+mQBFoLA8887iEKEPzz5g7UJU5o45rfzpVqJnjKK88wSVolybafQQ==",
      "dependencies": [
        "@noflo/noflo"
      ]
    },
    "@noflo/graph@2.0.0-alpha.3": {
      "integrity": "sha512-+sUWU2uocOwUsWeJNdeImKtvvItOXgkGuImI0Hka/SsI/frdZIOjKb/HAQnCJFBTcTHkGYlZBXaMTTwo3EIaSQ=="
    },
    "@noflo/noflo@2.0.0-alpha.3": {
      "integrity": "sha512-i0tDt679Bxa8B/92Wg7nlwZPun1Js8A4VTXPGPkCJ7Hi3XOPm8GBJ7SZhnFweykCGRrlQyeBf3fDjq4qQbPrYg==",
      "dependencies": [
        "@noflo/graph"
      ],
      "bin": true
    },
    "@reticulum/core@0.9.8": {
      "integrity": "sha512-Kb6oMAzWiVsTaNFjTMnFmQX9onjcpMKq1jxccQwspjWBWyRZxxi/soS6ymwCSxlmJHBdWqTJwoeowy4tKjy9PA=="
    },
    "@reticulum/dacar@1.6.1": {
      "integrity": "sha512-/PRpUlEOAte8/WgFQyz/SP3wyPMIZobDJtolk53PsHdOEHPy7hzg4vM5FhSjsbywfzbv8L7nQYnq1+puz3/EGg==",
      "dependencies": [
        "@reticulum/core",
        "@reticulum/lxmf",
        "@reticulum/node",
        "@reticulum/rfed",
        "@types/node@26.6.5"
      ],
      "bin": true
    },
    "@reticulum/lxmf@0.9.8": {
      "integrity": "sha512-nt/cvf+OcEgoH/gZhFmur7n9jywB58onlm4dYC0uSt7Cd/RYm85kcoYyXU3iQ+c0foJBNAlBP1CCFnxOfVIUYQ==",
      "dependencies": [
        "@reticulum/core"
      ]
    },
    "@reticulum/node@0.9.8": {
      "integrity": "sha512-5OWB1lkzFU3AWGfUJDZaSZ9WYRkovQ6JSPYnDov4wSCo07wOqs1uWEc9x4K5RRTS/xEuAy6UTuqWLhMWVY7sag==",
      "dependencies": [
        "@reticulum/core",
        "@reticulum/lxmf",
        "@reticulum/rfed"
      ],
      "bin": true
    },
    "@reticulum/rfed@0.9.8": {
      "integrity": "sha512-K+evsSY62I9ux29rluluk37nJVM6I3kgT49aV9RQ1ngmahSrSHwKdx99oqKwR3EFysSvmg0iMm4vZesAIqWeLA==",
      "dependencies": [
        "@reticulum/core",
        "@reticulum/lxmf"
      ]
    },
    "@types/node@24.19.1": {
      "integrity": "sha512-aS3/DG0oM05K0RIXXP+hKjinGG5IgSSVGzswZxW3O0sS3pH4/fycXundUC9XsszgKCk4gHXylTEK6hyFxVxnoQ==",
      "dependencies": [
        "undici-types@7.24.6"
      ]
    },
    "@types/node@26.6.5": {
      "integrity": "sha512-uMzsv9stDdofIZBx4UGh4Z9ZgXnGC9seRDscilBcTHAeOFk67MZg/k9bWVfO+bk4qZmG+l52hRnLwUiH2LnJTg==",
      "dependencies": [
        "undici-types@8.9.0"
      ]
    },
    "fbp@1.8.0": {
      "integrity": "sha512-AqkOwbO/4CVFJa/LRp3XA5btZ2qrwANWCX0Gc0rsyvkeWJDduXdd2SpCykV19RtbPurKgIHrLxOQr057Ksleqw==",
      "bin": true
    },
    "get-function-params@2.0.7": {
      "integrity": "sha512-fxmaws3IONmtzz6grq3XHywp0jkJs4hDc6+9Gk0P4ehN/2c9drIdo5sEoYZ+YnbH9YidwWa7OO6rtV32VdOC/Q=="
    },
    "typescript@4.9.5": {
      "integrity": "sha512-1FXk9E2Hm+QzZQ7z+McJiHL4NW1F2EzMu9Nq9i3zAaGqibafqYwCVU6WyWAuyQRRzOlxou8xZSyXLEN8oKj24g==",
      "bin": true
    },
    "typescript@5.9.3": {
      "integrity": "sha512-jl1vZzPDinLr9eUt3J/t7V6FgNEw9QjvBPdysz9KfQDD41fQrC2Y4vKQdiaUpFT4bXlb1RHhLpp8wtm6M5TgSw==",
      "bin": true
    },
    "undici-types@7.24.6": {
      "integrity": "sha512-WRNW+sJgj5OBN4/0JpHFqtqzhpbnV0GuB+OozA9gCL7a993SmU+1JBZCzLNxYsbMfIeDL+lTsphD5jN5N+n0zg=="
    },
    "undici-types@8.9.0": {
      "integrity": "sha512-KTDyRTYX8sWmKXAikPHHSyc63CRPETMctyjKFupcC6OBLXT3xsN0e9aF7m+mIXutFWpUXuedtowG7iLOzp0kQg=="
    }
  },
  "workspace": {
    "members": {
      "packages/as-component": {
        "packageJson": {
          "dependencies": [
            "npm:@noflo/noflo@^2.0.0-alpha.3",
            "npm:get-function-params@^2.0.6"
          ]
        }
      },
      "packages/assembly": {
        "packageJson": {
          "dependencies": [
            "npm:@noflo/fbp@^2.0.0-alpha.3",
            "npm:@noflo/loader-node@^2.0.0-alpha.3",
            "npm:@noflo/noflo@^2.0.0-alpha.3",
            "npm:@types/node@24",
            "npm:typescript@5"
          ]
        }
      },
      "packages/fbp": {
        "packageJson": {
          "dependencies": [
            "npm:@types/node@24",
            "npm:fbp@^1.8.0"
          ]
        }
      },
      "packages/fbp-protocol": {
        "packageJson": {
          "dependencies": [
            "npm:@reticulum/core@~0.9.8"
          ]
        }
      },
      "packages/fbp-spec-runner": {
        "packageJson": {
          "dependencies": [
            "npm:@noflo/fbp@^2.0.0-alpha.3",
            "npm:@noflo/loader-node@^2.0.0-alpha.3",
            "npm:@noflo/noflo@^2.0.0-alpha.3",
            "npm:@types/node@24"
          ]
        }
      },
      "packages/loader-node": {
        "packageJson": {
          "dependencies": [
            "npm:@noflo/fbp@^2.0.0-alpha.3",
            "npm:@noflo/graph@^2.0.0-alpha.3",
            "npm:@noflo/noflo@^2.0.0-alpha.3"
          ]
        }
      },
      "packages/nodejs": {
        "packageJson": {
          "dependencies": [
            "npm:@noflo/core@^2.0.0-alpha.1",
            "npm:@noflo/fbp-protocol@^2.0.0-alpha.3",
            "npm:@noflo/graph@^2.0.0-alpha.3",
            "npm:@noflo/loader-node@^2.0.0-alpha.1",
            "npm:@noflo/noflo@^2.0.0-alpha.3",
            "npm:@noflo/runtime@^2.0.0-alpha.3",
            "npm:@reticulum/core@~0.9.8",
            "npm:@reticulum/dacar@^1.6.1",
            "npm:@reticulum/node@~0.9.8",
            "npm:@types/node@24",
            "npm:typescript@5"
          ]
        }
      },
      "packages/noflo": {
        "packageJson": {
          "dependencies": [
            "npm:@noflo/graph@^2.0.0-alpha.3",
            "npm:@types/node@24",
            "npm:typescript@^4.0.2"
          ]
        }
      },
      "packages/runtime": {
        "packageJson": {
          "dependencies": [
            "npm:@noflo/fbp-protocol@^2.0.0-alpha.3",
            "npm:@noflo/graph@^2.0.0-alpha.3",
            "npm:@noflo/noflo@^2.0.0-alpha.3",
            "npm:@reticulum/core@~0.9.8",
            "npm:@reticulum/dacar@^1.6.1",
            "npm:@reticulum/lxmf@~0.9.8",
            "npm:@reticulum/node@~0.9.8"
          ]
        }
      }
    }
  }
}
