{
  "name": "@noflo/assembly",
  "version": "2.0.0-alpha.1",
  "lockfileVersion": 3,
  "requires": true,
  "packages": {
    "": {
      "name": "@noflo/assembly",
      "version": "2.0.0-alpha.1",
      "license": "MIT",
      "dependencies": {
        "@noflo/noflo": "^2.0.0-alpha.2"
      },
      "devDependencies": {
        "@biomejs/biome": "^2.0.0",
        "@noflo/fbp": "^2.0.0-alpha.1",
        "@noflo/loader-node": "^2.0.0-alpha.1",
        "@types/node": "^24.0.0",
        "typescript": "^5.0.0"
      },
      "engines": {
        "node": ">=22"
      }
    },
    "node_modules/@biomejs/biome": {
      "version": "2.5.15",
      "resolved": "https://registry.npmjs.org/@biomejs/biome/-/biome-2.5.15.tgz",
      "integrity": "sha512-WZTW4slm/pdkh92K6t/3aEN++44JD1PQ7squ7RCMLI1flHGl43DVOIGXvCjHiZgBMO1V4uYxoFNtqrIA4qGuIQ==",
      "dev": true,
      "license": "MIT OR Apache-2.0",
      "bin": {
        "biome": "bin/biome"
      },
      "engines": {
        "node": ">=14.21.3"
      },
      "funding": {
        "type": "opencollective",
        "url": "https://opencollective.com/biome"
      },
      "optionalDependencies": {
        "@biomejs/cli-darwin-arm64": "2.5.15",
        "@biomejs/cli-darwin-x64": "2.5.15",
        "@biomejs/cli-linux-arm64": "2.5.15",
        "@biomejs/cli-linux-arm64-musl": "2.5.15",
        "@biomejs/cli-linux-x64": "2.5.15",
        "@biomejs/cli-linux-x64-musl": "2.5.15",
        "@biomejs/cli-win32-arm64": "2.5.15",
        "@biomejs/cli-win32-x64": "2.5.15"
      }
    },
    "node_modules/@biomejs/cli-darwin-arm64": {
      "version": "2.5.15",
      "resolved": "https://registry.npmjs.org/@biomejs/cli-darwin-arm64/-/cli-darwin-arm64-2.5.15.tgz",
      "integrity": "sha512-BZVzFhJ/mUvTLMYbc9x6el0o2Uv5zP7bACYyhFb6fSc1giroXm7PL0a5KqMJ9F+/BnkYRjagD/ROSDVOZ6eapg==",
      "cpu": [
        "arm64"
      ],
      "dev": true,
      "license": "MIT OR Apache-2.0",
      "optional": true,
      "os": [
        "darwin"
      ],
      "engines": {
        "node": ">=14.21.3"
      }
    },
    "node_modules/@biomejs/cli-darwin-x64": {
      "version": "2.5.15",
      "resolved": "https://registry.npmjs.org/@biomejs/cli-darwin-x64/-/cli-darwin-x64-2.5.15.tgz",
      "integrity": "sha512-V5Kw63V+fVGNFhFrizDxMbGXAzZCh8kYzJpy3GI6gTapWDg7bZK9oYC9CbVgQSEdTnupz0U5Efz8Ev+5vdBBXw==",
      "cpu": [
        "x64"
      ],
      "dev": true,
      "license": "MIT OR Apache-2.0",
      "optional": true,
      "os": [
        "darwin"
      ],
      "engines": {
        "node": ">=14.21.3"
      }
    },
    "node_modules/@biomejs/cli-linux-arm64": {
      "version": "2.5.15",
      "resolved": "https://registry.npmjs.org/@biomejs/cli-linux-arm64/-/cli-linux-arm64-2.5.15.tgz",
      "integrity": "sha512-XaG7P7eeSLYETD3K9grfB0mQmpLQZjygdbsxekWBJAg4am79fGAtRpfRyNnTvXB2fZFNnJZG3nXm7HBat0+VUw==",
      "cpu": [
        "arm64"
      ],
      "dev": true,
      "libc": [
        "glibc"
      ],
      "license": "MIT OR Apache-2.0",
      "optional": true,
      "os": [
        "linux"
      ],
      "engines": {
        "node": ">=14.21.3"
      }
    },
    "node_modules/@biomejs/cli-linux-arm64-musl": {
      "version": "2.5.15",
      "resolved": "https://registry.npmjs.org/@biomejs/cli-linux-arm64-musl/-/cli-linux-arm64-musl-2.5.15.tgz",
      "integrity": "sha512-tGzZUTcJCV7tj5Adh/Gn6nR4MycqA3iohq2LEcrarAgRBkU0h0OKd2UzCRkOsOYOuUGaUJb4YmqRqyy2feGGSw==",
      "cpu": [
        "arm64"
      ],
      "dev": true,
      "libc": [
        "musl"
      ],
      "license": "MIT OR Apache-2.0",
      "optional": true,
      "os": [
        "linux"
      ],
      "engines": {
        "node": ">=14.21.3"
      }
    },
    "node_modules/@biomejs/cli-linux-x64": {
      "version": "2.5.15",
      "resolved": "https://registry.npmjs.org/@biomejs/cli-linux-x64/-/cli-linux-x64-2.5.15.tgz",
      "integrity": "sha512-xE4iEW/3LqlYj9GFgGrFsFSH51dEEpUbYWBfeOv0q87WkUDxK2o/HhreSb7qMJqck70RVM6Lg96hgedcAYcOkA==",
      "cpu": [
        "x64"
      ],
      "dev": true,
      "libc": [
        "glibc"
      ],
      "license": "MIT OR Apache-2.0",
      "optional": true,
      "os": [
        "linux"
      ],
      "engines": {
        "node": ">=14.21.3"
      }
    },
    "node_modules/@biomejs/cli-linux-x64-musl": {
      "version": "2.5.15",
      "resolved": "https://registry.npmjs.org/@biomejs/cli-linux-x64-musl/-/cli-linux-x64-musl-2.5.15.tgz",
      "integrity": "sha512-IlxUcyxilVGPsE008x13pWdkTbU3nQpP2i9b5UrbOYj6goBkKsRX1XB7yJLcV+O1H9LBchIIm4adOaVLZBX0ZQ==",
      "cpu": [
        "x64"
      ],
      "dev": true,
      "libc": [
        "musl"
      ],
      "license": "MIT OR Apache-2.0",
      "optional": true,
      "os": [
        "linux"
      ],
      "engines": {
        "node": ">=14.21.3"
      }
    },
    "node_modules/@biomejs/cli-win32-arm64": {
      "version": "2.5.15",
      "resolved": "https://registry.npmjs.org/@biomejs/cli-win32-arm64/-/cli-win32-arm64-2.5.15.tgz",
      "integrity": "sha512-2kPKzhNlm8C+Ru3GcO0Me2ODkCBLrVOUNuyi84RJyWDVKAA4+Kjj3jMjL938lF6BRfvltC4vB2nPY9SvN51Ovg==",
      "cpu": [
        "arm64"
      ],
      "dev": true,
      "license": "MIT OR Apache-2.0",
      "optional": true,
      "os": [
        "win32"
      ],
      "engines": {
        "node": ">=14.21.3"
      }
    },
    "node_modules/@biomejs/cli-win32-x64": {
      "version": "2.5.15",
      "resolved": "https://registry.npmjs.org/@biomejs/cli-win32-x64/-/cli-win32-x64-2.5.15.tgz",
      "integrity": "sha512-yAzh4UqEImV6Hcy0zjUqNfJAsUhoD64FBQCdTG8Md/Z2wQeVP/ZmJ3XRYAs1g8J9fjTFyl2fCtc5FB5til47+g==",
      "cpu": [
        "x64"
      ],
      "dev": true,
      "license": "MIT OR Apache-2.0",
      "optional": true,
      "os": [
        "win32"
      ],
      "engines": {
        "node": ">=14.21.3"
      }
    },
    "node_modules/@noflo/fbp": {
      "version": "2.0.0-alpha.1",
      "resolved": "https://registry.npmjs.org/@noflo/fbp/-/fbp-2.0.0-alpha.1.tgz",
      "integrity": "sha512-lMf31OOXqgzfgSG6iHBvUW4aiug6B/yrDbfurdQoFN3PvFTtSsGKMxIAHVpKarBNOpYCZkzHJpsHxreczOXauQ==",
      "dev": true,
      "license": "EUPL-1.2",
      "engines": {
        "node": ">= 22"
      }
    },
    "node_modules/@noflo/graph": {
      "version": "2.0.0-alpha.2",
      "resolved": "https://registry.npmjs.org/@noflo/graph/-/graph-2.0.0-alpha.2.tgz",
      "integrity": "sha512-+izKF/K50tFLFKN8DUe/z056gflKie+6z/5hWNQinSBJJ4H5a7nsz7XaMAY98+BBKy6R8GF/CWq7zX+x0B6y0w==",
      "license": "MIT",
      "engines": {
        "node": ">= 22"
      }
    },
    "node_modules/@noflo/loader-node": {
      "version": "2.0.0-alpha.1",
      "resolved": "https://registry.npmjs.org/@noflo/loader-node/-/loader-node-2.0.0-alpha.1.tgz",
      "integrity": "sha512-aWYb9h+EX6P7Hg4CsIq7uEfu9uyPQ7OOzHPh3Qm0ksDah6uWvzBpWR3iyTtDRFFpUmu2XTf7OPWhZABrgdoz2A==",
      "dev": true,
      "license": "EUPL-1.2",
      "dependencies": {
        "@noflo/fbp": "^2.0.0-alpha.1",
        "@noflo/graph": "^2.0.0-alpha.1",
        "fbp-manifest": "^0.3.1"
      },
      "bin": {
        "noflo-cache-preheat": "bin/noflo-cache-preheat"
      },
      "engines": {
        "node": ">= 22"
      },
      "peerDependencies": {
        "@noflo/noflo": "^2.0.0-alpha"
      },
      "peerDependenciesMeta": {
        "typescript": {
          "optional": true
        }
      }
    },
    "node_modules/@noflo/noflo": {
      "version": "2.0.0-alpha.2",
      "resolved": "https://registry.npmjs.org/@noflo/noflo/-/noflo-2.0.0-alpha.2.tgz",
      "integrity": "sha512-0p5+cOEzl4mOkquSrr6qIZ5Yj+8bhC4AchDyBg/yXEgcLWzHFQGHSNL6akmb9e9B47eO3JpF2bW86NGG/I79vQ==",
      "license": "MIT",
      "dependencies": {
        "@noflo/graph": "^2.0.0-alpha.2"
      },
      "bin": {
        "noflo": "bin/noflo"
      },
      "engines": {
        "node": ">= 22"
      }
    },
    "node_modules/@types/node": {
      "version": "24.19.1",
      "resolved": "https://registry.npmjs.org/@types/node/-/node-24.19.1.tgz",
      "integrity": "sha512-aS3/DG0oM05K0RIXXP+hKjinGG5IgSSVGzswZxW3O0sS3pH4/fycXundUC9XsszgKCk4gHXylTEK6hyFxVxnoQ==",
      "dev": true,
      "license": "MIT",
      "dependencies": {
        "undici-types": ">=7.24.0 <7.24.7"
      }
    },
    "node_modules/clone": {
      "version": "2.1.2",
      "resolved": "https://registry.npmjs.org/clone/-/clone-2.1.2.tgz",
      "integrity": "sha512-3Pe/CF1Nn94hyhIYpjtiLhdCoEoz0DqQ+988E9gmeEdQZlojxnOb74wctFyuwWQHzqyf9X7C7MG8juUpqBJT8w==",
      "dev": true,
      "license": "MIT",
      "engines": {
        "node": ">=0.8"
      }
    },
    "node_modules/commander": {
      "version": "6.2.1",
      "resolved": "https://registry.npmjs.org/commander/-/commander-6.2.1.tgz",
      "integrity": "sha512-U7VdrJFnJgo4xjrHpTzu0yrHPGImdsmD95ZlgYSEajAn2JKzDhDTPG9kBTefmObL2w/ngeZnilk+OV9CG3d7UA==",
      "dev": true,
      "license": "MIT",
      "engines": {
        "node": ">= 6"
      }
    },
    "node_modules/fbp": {
      "version": "1.8.0",
      "resolved": "https://registry.npmjs.org/fbp/-/fbp-1.8.0.tgz",
      "integrity": "sha512-AqkOwbO/4CVFJa/LRp3XA5btZ2qrwANWCX0Gc0rsyvkeWJDduXdd2SpCykV19RtbPurKgIHrLxOQr057Ksleqw==",
      "dev": true,
      "license": "MIT",
      "bin": {
        "fbp": "bin/fbp"
      }
    },
    "node_modules/fbp-graph": {
      "version": "0.7.0",
      "resolved": "https://registry.npmjs.org/fbp-graph/-/fbp-graph-0.7.0.tgz",
      "integrity": "sha512-zYDGESToJZY6PnmUWp2GF7KvY+Mt9wl2OIh322t3xJyvnD+Vt3EyLhm7ge/dzgv8mcKZRaff0osM1fZZHvk4UQ==",
      "dev": true,
      "license": "MIT",
      "dependencies": {
        "clone": "^2.1.0",
        "fbp": "^1.6.0"
      },
      "engines": {
        "node": ">= 6"
      }
    },
    "node_modules/fbp-manifest": {
      "version": "0.3.1",
      "resolved": "https://registry.npmjs.org/fbp-manifest/-/fbp-manifest-0.3.1.tgz",
      "integrity": "sha512-wP0jL8aTqEJZpSmC9AHW1KZs8s/eC5ven1OQ9ZmZkeF0CMChaNGA7UYIKkpRY2mPWu7Qt7t7XBtUQd/BPMqJhQ==",
      "dev": true,
      "license": "MIT",
      "dependencies": {
        "clone": "^2.0.0",
        "commander": "^6.1.0",
        "fbp-graph": "^0.7.0",
        "tv4": "^1.2.7"
      },
      "bin": {
        "fbp-manifest-deps": "bin/fbp-manifest-deps",
        "fbp-manifest-list": "bin/fbp-manifest-list",
        "fbp-manifest-stats": "bin/fbp-manifest-stats",
        "fbp-manifest-validate": "bin/fbp-manifest-validate"
      }
    },
    "node_modules/tv4": {
      "version": "1.3.0",
      "resolved": "https://registry.npmjs.org/tv4/-/tv4-1.3.0.tgz",
      "integrity": "sha512-afizzfpJgvPr+eDkREK4MxJ/+r8nEEHcmitwgnPUqpaP+FpwQyadnxNoSACbgc/b1LsZYtODGoPiFxQrgJgjvw==",
      "dev": true,
      "license": [
        {
          "type": "Public Domain",
          "url": "http://geraintluff.github.io/tv4/LICENSE.txt"
        },
        {
          "type": "MIT",
          "url": "http://jsonary.com/LICENSE.txt"
        }
      ],
      "engines": {
        "node": ">= 0.8.0"
      }
    },
    "node_modules/typescript": {
      "version": "5.9.3",
      "resolved": "https://registry.npmjs.org/typescript/-/typescript-5.9.3.tgz",
      "integrity": "sha512-jl1vZzPDinLr9eUt3J/t7V6FgNEw9QjvBPdysz9KfQDD41fQrC2Y4vKQdiaUpFT4bXlb1RHhLpp8wtm6M5TgSw==",
      "dev": true,
      "license": "Apache-2.0",
      "bin": {
        "tsc": "bin/tsc",
        "tsserver": "bin/tsserver"
      },
      "engines": {
        "node": ">=14.17"
      }
    },
    "node_modules/undici-types": {
      "version": "7.24.6",
      "resolved": "https://registry.npmjs.org/undici-types/-/undici-types-7.24.6.tgz",
      "integrity": "sha512-WRNW+sJgj5OBN4/0JpHFqtqzhpbnV0GuB+OozA9gCL7a993SmU+1JBZCzLNxYsbMfIeDL+lTsphD5jN5N+n0zg==",
      "dev": true,
      "license": "MIT"
    }
  }
}
